
Microsoft Visual Studio Solution File, Format Version 12.00
# Visual Studio Version 17
VisualStudioVersion = 17.7.34202.233
MinimumVisualStudioVersion = 10.0.40219.1
Project("{FAE04EC0-301F-11D3-BF4B-00C04F79EFBC}") = "Backend", "Backend\Backend.csproj", "{AE2D7630-B39C-431C-819D-7298DA4C64A4}"
EndProject
Project("{FAE04EC0-301F-11D3-BF4B-00C04F79EFBC}") = "Domain", "Domain\Domain.csproj", "{8AFB08A1-FE5D-45F9-9FF1-DD2A1BD71E47}"
EndProject
Project("{FAE04EC0-301F-11D3-BF4B-00C04F79EFBC}") = "Infrastructure", "Infrastructure\Infrastructure.csproj", "{9214A7A4-DD5A-47FA-9B36-200FC882BDC1}"
EndProject
Project("{FAE04EC0-301F-11D3-BF4B-00C04F79EFBC}") = "Application", "Application\Application.csproj", "{802667E0-4553-41F7-899B-A957C678A53D}"
EndProject
Global
	GlobalSection(SolutionConfigurationPlatforms) = preSolution
		Debug|Any CPU = Debug|Any CPU
		Release|Any CPU = Release|Any CPU
	EndGlobalSection
	GlobalSection(ProjectConfigurationPlatforms) = postSolution
		{AE2D7630-B39C-431C-819D-7298DA4C64A4}.Debug|Any CPU.ActiveCfg = Debug|Any CPU
		{AE2D7630-B39C-431C-819D-7298DA4C64A4}.Debug|Any CPU.Build.0 = Debug|Any CPU
		{AE2D7630-B39C-431C-819D-7298DA4C64A4}.Release|Any CPU.ActiveCfg = Release|Any CPU
		{AE2D7630-B39C-431C-819D-7298DA4C64A4}.Release|Any CPU.Build.0 = Release|Any CPU
		{8AFB08A1-FE5D-45F9-9FF1-DD2A1BD71E47}.Debug|Any CPU.ActiveCfg = Debug|Any CPU
		{8AFB08A1-FE5D-45F9-9FF1-DD2A1BD71E47}.Debug|Any CPU.Build.0 = Debug|Any CPU
		{8AFB08A1-FE5D-45F9-9FF1-DD2A1BD71E47}.Release|Any CPU.ActiveCfg = Release|Any CPU
		{8AFB08A1-FE5D-45F9-9FF1-DD2A1BD71E47}.Release|Any CPU.Build.0 = Release|Any CPU
		{9214A7A4-DD5A-47FA-9B36-200FC882BDC1}.Debug|Any CPU.ActiveCfg = Debug|Any CPU
		{9214A7A4-DD5A-47FA-9B36-200FC882BDC1}.Debug|Any CPU.Build.0 = Debug|Any CPU
		{9214A7A4-DD5A-47FA-9B36-200FC882BDC1}.Release|Any CPU.ActiveCfg = Release|Any CPU
		{9214A7A4-DD5A-47FA-9B36-200FC882BDC1}.Release|Any CPU.Build.0 = Release|Any CPU
		{802667E0-4553-41F7-899B-A957C678A53D}.Debug|Any CPU.ActiveCfg = Debug|Any CPU
		{802667E0-4553-41F7-899B-A957C678A53D}.Debug|Any CPU.Build.0 = Debug|Any CPU
		{802667E0-4553-41F7-899B-A957C678A53D}.Release|Any CPU.ActiveCfg = Release|Any CPU
		{802667E0-4553-41F7-899B-A957C678A53D}.Release|Any CPU.Build.0 = Release|Any CPU
	EndGlobalSection
	GlobalSection(SolutionProperties) = preSolution
		HideSolutionNode = FALSE
	EndGlobalSection
	GlobalSection(ExtensibilityGlobals) = postSolution
		SolutionGuid = {FF545446-12D7-41E2-8660-CFE58334A4CA}
	EndGlobalSection
EndGlobal
